
Microsoft Visual Studio Solution File, Format Version 12.00
# Visual Studio 15
Project("{FAE04EC0-301F-11D3-BF4B-00C04F79EFBC}") = "Assembly-CSharp", "Assembly-CSharp.csproj", "{F01A0F31-40D5-168A-90DC-C52F7F91C879}"
EndProject
Project("{FAE04EC0-301F-11D3-BF4B-00C04F79EFBC}") = "DOTweenPro.Scripts", "DOTweenPro.Scripts.csproj", "{0CCA3243-375E-9F49-4F2D-BF55EA78F9B8}"
EndProject
Project("{FAE04EC0-301F-11D3-BF4B-00C04F79EFBC}") = "DOTween.Modules", "DOTween.Modules.csproj", "{9546C1E1-79E1-00F9-0329-D3D2029B37C0}"
EndProject
Project("{FAE04EC0-301F-11D3-BF4B-00C04F79EFBC}") = "Assembly-CSharp-Editor", "Assembly-CSharp-Editor.csproj", "{630B102C-5BB7-B010-9BD4-D1FD7E6ED380}"
EndProject
Project("{FAE04EC0-301F-11D3-BF4B-00C04F79EFBC}") = "DOTweenPro.EditorScripts", "DOTweenPro.EditorScripts.csproj", "{35E88C8F-C50A-682D-D511-982C548D8704}"
EndProject
Global
	GlobalSection(SolutionConfigurationPlatforms) = preSolution
		Debug|Any CPU = Debug|Any CPU
		Release|Any CPU = Release|Any CPU
	EndGlobalSection
	GlobalSection(ProjectConfigurationPlatforms) = postSolution
		{F01A0F31-40D5-168A-90DC-C52F7F91C879}.Debug|Any CPU.ActiveCfg = Debug|Any CPU
		{F01A0F31-40D5-168A-90DC-C52F7F91C879}.Debug|Any CPU.Build.0 = Debug|Any CPU
		{F01A0F31-40D5-168A-90DC-C52F7F91C879}.Release|Any CPU.ActiveCfg = Release|Any CPU
		{F01A0F31-40D5-168A-90DC-C52F7F91C879}.Release|Any CPU.Build.0 = Release|Any CPU
		{0CCA3243-375E-9F49-4F2D-BF55EA78F9B8}.Debug|Any CPU.ActiveCfg = Debug|Any CPU
		{0CCA3243-375E-9F49-4F2D-BF55EA78F9B8}.Debug|Any CPU.Build.0 = Debug|Any CPU
		{0CCA3243-375E-9F49-4F2D-BF55EA78F9B8}.Release|Any CPU.ActiveCfg = Release|Any CPU
		{0CCA3243-375E-9F49-4F2D-BF55EA78F9B8}.Release|Any CPU.Build.0 = Release|Any CPU
		{9546C1E1-79E1-00F9-0329-D3D2029B37C0}.Debug|Any CPU.ActiveCfg = Debug|Any CPU
		{9546C1E1-79E1-00F9-0329-D3D2029B37C0}.Debug|Any CPU.Build.0 = Debug|Any CPU
		{9546C1E1-79E1-00F9-0329-D3D2029B37C0}.Release|Any CPU.ActiveCfg = Release|Any CPU
		{9546C1E1-79E1-00F9-0329-D3D2029B37C0}.Release|Any CPU.Build.0 = Release|Any CPU
		{630B102C-5BB7-B010-9BD4-D1FD7E6ED380}.Debug|Any CPU.ActiveCfg = Debug|Any CPU
		{630B102C-5BB7-B010-9BD4-D1FD7E6ED380}.Debug|Any CPU.Build.0 = Debug|Any CPU
		{630B102C-5BB7-B010-9BD4-D1FD7E6ED380}.Release|Any CPU.ActiveCfg = Release|Any CPU
		{630B102C-5BB7-B010-9BD4-D1FD7E6ED380}.Release|Any CPU.Build.0 = Release|Any CPU
		{35E88C8F-C50A-682D-D511-982C548D8704}.Debug|Any CPU.ActiveCfg = Debug|Any CPU
		{35E88C8F-C50A-682D-D511-982C548D8704}.Debug|Any CPU.Build.0 = Debug|Any CPU
		{35E88C8F-C50A-682D-D511-982C548D8704}.Release|Any CPU.ActiveCfg = Release|Any CPU
		{35E88C8F-C50A-682D-D511-982C548D8704}.Release|Any CPU.Build.0 = Release|Any CPU
	EndGlobalSection
	GlobalSection(SolutionProperties) = preSolution
		HideSolutionNode = FALSE
	EndGlobalSection
EndGlobal
